
Microsoft Visual Studio Solution File, Format Version 12.00
# Visual Studio Version 17
VisualStudioVersion = 17.5.33424.131
MinimumVisualStudioVersion = 10.0.40219.1
Project("{9A19103F-16F7-4668-BE54-9A1E7A4F7556}") = "TimeCo.DAL", "TimeCo\TimeCo.DAL.csproj", "{FC7480B5-3972-4B17-884E-74C2A1E7CC9E}"
EndProject
Project("{9A19103F-16F7-4668-BE54-9A1E7A4F7556}") = "TimeCo.BLL", "TimeCo.BLL\TimeCo.BLL.csproj", "{13BD62C3-22AC-4C4D-B4CD-D33BFB829443}"
EndProject
Project("{9A19103F-16F7-4668-BE54-9A1E7A4F7556}") = "TimeCo.Utilities", "Utilities\TimeCo.Utilities.csproj", "{67B124AD-6F8B-4C2C-9138-B86192976227}"
EndProject
Project("{9A19103F-16F7-4668-BE54-9A1E7A4F7556}") = "test", "test\test.csproj", "{8F327B3A-A532-4B80-B006-E08097FF44E4}"
EndProject
Global
	GlobalSection(SolutionConfigurationPlatforms) = preSolution
		Debug|Any CPU = Debug|Any CPU
		Release|Any CPU = Release|Any CPU
	EndGlobalSection
	GlobalSection(ProjectConfigurationPlatforms) = postSolution
		{FC7480B5-3972-4B17-884E-74C2A1E7CC9E}.Debug|Any CPU.ActiveCfg = Debug|Any CPU
		{FC7480B5-3972-4B17-884E-74C2A1E7CC9E}.Debug|Any CPU.Build.0 = Debug|Any CPU
		{FC7480B5-3972-4B17-884E-74C2A1E7CC9E}.Release|Any CPU.ActiveCfg = Release|Any CPU
		{FC7480B5-3972-4B17-884E-74C2A1E7CC9E}.Release|Any CPU.Build.0 = Release|Any CPU
		{13BD62C3-22AC-4C4D-B4CD-D33BFB829443}.Debug|Any CPU.ActiveCfg = Debug|Any CPU
		{13BD62C3-22AC-4C4D-B4CD-D33BFB829443}.Debug|Any CPU.Build.0 = Debug|Any CPU
		{13BD62C3-22AC-4C4D-B4CD-D33BFB829443}.Release|Any CPU.ActiveCfg = Release|Any CPU
		{13BD62C3-22AC-4C4D-B4CD-D33BFB829443}.Release|Any CPU.Build.0 = Release|Any CPU
		{67B124AD-6F8B-4C2C-9138-B86192976227}.Debug|Any CPU.ActiveCfg = Debug|Any CPU
		{67B124AD-6F8B-4C2C-9138-B86192976227}.Debug|Any CPU.Build.0 = Debug|Any CPU
		{67B124AD-6F8B-4C2C-9138-B86192976227}.Release|Any CPU.ActiveCfg = Release|Any CPU
		{67B124AD-6F8B-4C2C-9138-B86192976227}.Release|Any CPU.Build.0 = Release|Any CPU
		{8F327B3A-A532-4B80-B006-E08097FF44E4}.Debug|Any CPU.ActiveCfg = Debug|Any CPU
		{8F327B3A-A532-4B80-B006-E08097FF44E4}.Debug|Any CPU.Build.0 = Debug|Any CPU
		{8F327B3A-A532-4B80-B006-E08097FF44E4}.Release|Any CPU.ActiveCfg = Release|Any CPU
		{8F327B3A-A532-4B80-B006-E08097FF44E4}.Release|Any CPU.Build.0 = Release|Any CPU
	EndGlobalSection
	GlobalSection(SolutionProperties) = preSolution
		HideSolutionNode = FALSE
	EndGlobalSection
	GlobalSection(ExtensibilityGlobals) = postSolution
		SolutionGuid = {81D6B37C-3529-4BE6-A56D-0BD2F48D55BF}
	EndGlobalSection
EndGlobal
